
Microsoft Visual Studio Solution File, Format Version 12.00
# Visual Studio Version 17
VisualStudioVersion = 17.0.31903.59
MinimumVisualStudioVersion = 10.0.40219.1
Project("{FAE04EC0-301F-11D3-BF4B-00C04F79EFBC}") = "echo-udp.ConsoleApp", "echo-udp.ConsoleApp\echo-udp.ConsoleApp.csproj", "{4BFE9336-D8F0-4FA0-BB2B-5F17A6B78FEF}"
EndProject
Project("{FAE04EC0-301F-11D3-BF4B-00C04F79EFBC}") = "echo-udp.Tests", "echo-udp.Tests\echo-udp.Tests.csproj", "{5646EA8E-052E-43DD-9CFF-DB49B7FE299A}"
EndProject
Global
	GlobalSection(SolutionConfigurationPlatforms) = preSolution
		Debug|Any CPU = Debug|Any CPU
		Release|Any CPU = Release|Any CPU
	EndGlobalSection
	GlobalSection(SolutionProperties) = preSolution
		HideSolutionNode = FALSE
	EndGlobalSection
	GlobalSection(ProjectConfigurationPlatforms) = postSolution
		{4BFE9336-D8F0-4FA0-BB2B-5F17A6B78FEF}.Debug|Any CPU.ActiveCfg = Debug|Any CPU
		{4BFE9336-D8F0-4FA0-BB2B-5F17A6B78FEF}.Debug|Any CPU.Build.0 = Debug|Any CPU
		{4BFE9336-D8F0-4FA0-BB2B-5F17A6B78FEF}.Release|Any CPU.ActiveCfg = Release|Any CPU
		{4BFE9336-D8F0-4FA0-BB2B-5F17A6B78FEF}.Release|Any CPU.Build.0 = Release|Any CPU
		{5646EA8E-052E-43DD-9CFF-DB49B7FE299A}.Debug|Any CPU.ActiveCfg = Debug|Any CPU
		{5646EA8E-052E-43DD-9CFF-DB49B7FE299A}.Debug|Any CPU.Build.0 = Debug|Any CPU
		{5646EA8E-052E-43DD-9CFF-DB49B7FE299A}.Release|Any CPU.ActiveCfg = Release|Any CPU
		{5646EA8E-052E-43DD-9CFF-DB49B7FE299A}.Release|Any CPU.Build.0 = Release|Any CPU
	EndGlobalSection
EndGlobal
